
Microsoft Visual Studio Solution File, Format Version 12.00
# Visual Studio 2015
Project("{FAE04EC0-301F-11D3-BF4B-00C04F79EFBC}") = "Let's Fight.CSharp", "Let's Fight.CSharp.csproj", "{76ABA214-22E7-77B6-03B3-0D78D3F62498}"
EndProject
Project("{FAE04EC0-301F-11D3-BF4B-00C04F79EFBC}") = "Let's Fight.CSharp.Editor", "Let's Fight.CSharp.Editor.csproj", "{587FBEBA-36BB-D041-3843-2815B82B6963}"
EndProject
Global
	GlobalSection(SolutionConfigurationPlatforms) = preSolution
		Debug|Any CPU = Debug|Any CPU
		Release|Any CPU = Release|Any CPU
	EndGlobalSection
	GlobalSection(ProjectConfigurationPlatforms) = postSolution
		{76ABA214-22E7-77B6-03B3-0D78D3F62498}.Debug|Any CPU.ActiveCfg = Debug|Any CPU
		{76ABA214-22E7-77B6-03B3-0D78D3F62498}.Debug|Any CPU.Build.0 = Debug|Any CPU
		{76ABA214-22E7-77B6-03B3-0D78D3F62498}.Release|Any CPU.ActiveCfg = Release|Any CPU
		{76ABA214-22E7-77B6-03B3-0D78D3F62498}.Release|Any CPU.Build.0 = Release|Any CPU
		{587FBEBA-36BB-D041-3843-2815B82B6963}.Debug|Any CPU.ActiveCfg = Debug|Any CPU
		{587FBEBA-36BB-D041-3843-2815B82B6963}.Debug|Any CPU.Build.0 = Debug|Any CPU
		{587FBEBA-36BB-D041-3843-2815B82B6963}.Release|Any CPU.ActiveCfg = Release|Any CPU
		{587FBEBA-36BB-D041-3843-2815B82B6963}.Release|Any CPU.Build.0 = Release|Any CPU
	EndGlobalSection
	GlobalSection(SolutionProperties) = preSolution
		HideSolutionNode = FALSE
	EndGlobalSection
EndGlobal
