
Microsoft Visual Studio Solution File, Format Version 12.00
# Visual Studio 2015
Project("{FAE04EC0-301F-11D3-BF4B-00C04F79EFBC}") = "Level Editor.CSharp", "Level Editor.CSharp.csproj", "{BE74894F-6757-A03C-DEC8-A3EBCDEFE9F4}"
EndProject
Project("{FAE04EC0-301F-11D3-BF4B-00C04F79EFBC}") = "Level Editor.CSharp.Editor", "Level Editor.CSharp.Editor.csproj", "{38260716-3CA1-54D5-017A-610C408ABE33}"
EndProject
Global
	GlobalSection(SolutionConfigurationPlatforms) = preSolution
		Debug|Any CPU = Debug|Any CPU
		Release|Any CPU = Release|Any CPU
	EndGlobalSection
	GlobalSection(ProjectConfigurationPlatforms) = postSolution
		{BE74894F-6757-A03C-DEC8-A3EBCDEFE9F4}.Debug|Any CPU.ActiveCfg = Debug|Any CPU
		{BE74894F-6757-A03C-DEC8-A3EBCDEFE9F4}.Debug|Any CPU.Build.0 = Debug|Any CPU
		{BE74894F-6757-A03C-DEC8-A3EBCDEFE9F4}.Release|Any CPU.ActiveCfg = Release|Any CPU
		{BE74894F-6757-A03C-DEC8-A3EBCDEFE9F4}.Release|Any CPU.Build.0 = Release|Any CPU
		{38260716-3CA1-54D5-017A-610C408ABE33}.Debug|Any CPU.ActiveCfg = Debug|Any CPU
		{38260716-3CA1-54D5-017A-610C408ABE33}.Debug|Any CPU.Build.0 = Debug|Any CPU
		{38260716-3CA1-54D5-017A-610C408ABE33}.Release|Any CPU.ActiveCfg = Release|Any CPU
		{38260716-3CA1-54D5-017A-610C408ABE33}.Release|Any CPU.Build.0 = Release|Any CPU
	EndGlobalSection
	GlobalSection(SolutionProperties) = preSolution
		HideSolutionNode = FALSE
	EndGlobalSection
EndGlobal
